
Microsoft Visual Studio Solution File, Format Version 9.00
# Visual Studio 2005
Project("{FAE04EC0-301F-11D3-BF4B-00C04F79EFBC}") = "Latino", "Latino\Latino.csproj", "{FFA3AB32-D56A-4544-BCF2-CBC51B57550B}"
	ProjectSection(WebsiteProperties) = preProject
		Debug.AspNetCompiler.Debug = "True"
		Release.AspNetCompiler.Debug = "False"
	EndProjectSection
EndProject
Project("{FAE04EC0-301F-11D3-BF4B-00C04F79EFBC}") = "LatinoTest", "LatinoTest\LatinoTest.csproj", "{F60160C1-F9DF-4B7A-9837-B2331483B48E}"
	ProjectSection(WebsiteProperties) = preProject
		Debug.AspNetCompiler.Debug = "True"
		Release.AspNetCompiler.Debug = "False"
	EndProjectSection
EndProject
Project("{FAE04EC0-301F-11D3-BF4B-00C04F79EFBC}") = "LatinoTutorials", "LatinoTutorials\LatinoTutorials.csproj", "{5AC06DBA-6D42-4272-AF4C-D39412E8D54D}"
	ProjectSection(WebsiteProperties) = preProject
		Debug.AspNetCompiler.Debug = "True"
		Release.AspNetCompiler.Debug = "False"
	EndProjectSection
EndProject
Global
	GlobalSection(SolutionConfigurationPlatforms) = preSolution
		Debug|Any CPU = Debug|Any CPU
		Release|Any CPU = Release|Any CPU
	EndGlobalSection
	GlobalSection(ProjectConfigurationPlatforms) = postSolution
		{FFA3AB32-D56A-4544-BCF2-CBC51B57550B}.Debug|Any CPU.ActiveCfg = Debug|Any CPU
		{FFA3AB32-D56A-4544-BCF2-CBC51B57550B}.Debug|Any CPU.Build.0 = Debug|Any CPU
		{FFA3AB32-D56A-4544-BCF2-CBC51B57550B}.Release|Any CPU.ActiveCfg = Release|Any CPU
		{FFA3AB32-D56A-4544-BCF2-CBC51B57550B}.Release|Any CPU.Build.0 = Release|Any CPU
		{F60160C1-F9DF-4B7A-9837-B2331483B48E}.Debug|Any CPU.ActiveCfg = Debug|Any CPU
		{F60160C1-F9DF-4B7A-9837-B2331483B48E}.Debug|Any CPU.Build.0 = Debug|Any CPU
		{F60160C1-F9DF-4B7A-9837-B2331483B48E}.Release|Any CPU.ActiveCfg = Release|Any CPU
		{F60160C1-F9DF-4B7A-9837-B2331483B48E}.Release|Any CPU.Build.0 = Release|Any CPU
		{5AC06DBA-6D42-4272-AF4C-D39412E8D54D}.Debug|Any CPU.ActiveCfg = Debug|Any CPU
		{5AC06DBA-6D42-4272-AF4C-D39412E8D54D}.Debug|Any CPU.Build.0 = Debug|Any CPU
		{5AC06DBA-6D42-4272-AF4C-D39412E8D54D}.Release|Any CPU.ActiveCfg = Release|Any CPU
		{5AC06DBA-6D42-4272-AF4C-D39412E8D54D}.Release|Any CPU.Build.0 = Release|Any CPU
	EndGlobalSection
	GlobalSection(SolutionProperties) = preSolution
		HideSolutionNode = FALSE
	EndGlobalSection
	GlobalSection(ExtensibilityGlobals) = postSolution
		VisualSVNWorkingCopyRoot = .
	EndGlobalSection
EndGlobal
